
Microsoft Visual Studio Solution File, Format Version 12.00
# Visual Studio Version 16
VisualStudioVersion = 16.0.30907.101
MinimumVisualStudioVersion = 10.0.40219.1
Project("{FAE04EC0-301F-11D3-BF4B-00C04F79EFBC}") = "Lab1_5", "Lab1_5\Lab1_5.csproj", "{5BAC3A9A-E3FE-48E4-A32F-C38A5CC7444C}"
EndProject
Global
	GlobalSection(SolutionConfigurationPlatforms) = preSolution
		Debug|Any CPU = Debug|Any CPU
		Release|Any CPU = Release|Any CPU
	EndGlobalSection
	GlobalSection(ProjectConfigurationPlatforms) = postSolution
		{5BAC3A9A-E3FE-48E4-A32F-C38A5CC7444C}.Debug|Any CPU.ActiveCfg = Debug|Any CPU
		{5BAC3A9A-E3FE-48E4-A32F-C38A5CC7444C}.Debug|Any CPU.Build.0 = Debug|Any CPU
		{5BAC3A9A-E3FE-48E4-A32F-C38A5CC7444C}.Release|Any CPU.ActiveCfg = Release|Any CPU
		{5BAC3A9A-E3FE-48E4-A32F-C38A5CC7444C}.Release|Any CPU.Build.0 = Release|Any CPU
	EndGlobalSection
	GlobalSection(SolutionProperties) = preSolution
		HideSolutionNode = FALSE
	EndGlobalSection
	GlobalSection(ExtensibilityGlobals) = postSolution
		SolutionGuid = {76E0088F-C090-4833-8F02-FC2F3645057A}
	EndGlobalSection
EndGlobal
